{
  "version": 4,
  "terraform_version": "1.10.5",
  "serial": 56,
  "lineage": "56d07523-c5a0-fafe-61e7-95bd6732b4c0",
  "outputs": {},
  "resources": [
    {
      "module": "module.app-service-central-india",
      "mode": "managed",
      "type": "azurerm_linux_web_app",
      "name": "app-service-local",
      "provider": "provider[\"registry.terraform.io/hashicorp/azurerm\"]",
      "instances": [
        {
          "schema_version": 1,
          "attributes": {
            "app_settings": {},
            "auth_settings": [],
            "auth_settings_v2": [],
            "backup": [],
            "client_affinity_enabled": false,
            "client_certificate_enabled": false,
            "client_certificate_exclusion_paths": "",
            "client_certificate_mode": "Required",
            "connection_string": [],
            "custom_domain_verification_id": "CC69AE2CF35A71DAA22354C15FED1A8FF43239B0B76516CA97DD2685180AB932",
            "default_hostname": "mera-app-service-central-india.azurewebsites.net",
            "enabled": true,
            "ftp_publish_basic_authentication_enabled": true,
            "hosting_environment_id": "",
            "https_only": false,
            "id": "/subscriptions/65555fd5-5dc0-4bc0-a646-b01ddc552996/resourceGroups/mera-rg-central-india/providers/Microsoft.Web/sites/mera-app-service-central-india",
            "identity": [],
            "key_vault_reference_identity_id": "SystemAssigned",
            "kind": "app,linux",
            "location": "centralindia",
            "logs": [],
            "name": "mera-app-service-central-india",
            "outbound_ip_address_list": [
              "20.235.201.17",
              "20.235.201.23",
              "20.235.201.31",
              "20.235.201.43",
              "20.235.201.57",
              "20.235.201.58",
              "20.235.200.201",
              "20.235.200.213",
              "20.235.200.216",
              "20.235.200.180",
              "20.235.200.222",
              "20.235.200.230",
              "20.192.171.0"
            ],
            "outbound_ip_addresses": "20.235.201.17,20.235.201.23,20.235.201.31,20.235.201.43,20.235.201.57,20.235.201.58,20.235.200.201,20.235.200.213,20.235.200.216,20.235.200.180,20.235.200.222,20.235.200.230,20.192.171.0",
            "possible_outbound_ip_address_list": [
              "20.235.201.17",
              "20.235.201.23",
              "20.235.201.31",
              "20.235.201.43",
              "20.235.201.57",
              "20.235.201.58",
              "20.235.200.201",
              "20.235.200.213",
              "20.235.200.216",
              "20.235.200.180",
              "20.235.200.222",
              "20.235.200.230",
              "20.235.200.235",
              "20.235.200.236",
              "20.235.200.239",
              "20.235.200.245",
              "20.235.200.246",
              "20.235.200.252",
              "20.235.201.1",
              "20.235.201.3",
              "20.235.201.7",
              "20.235.201.13",
              "20.235.200.99",
              "20.235.201.14",
              "20.235.201.63",
              "20.235.201.68",
              "20.235.201.85",
              "20.235.201.91",
              "20.235.201.93",
              "20.235.201.94",
              "20.192.171.0"
            ],
            "possible_outbound_ip_addresses": "20.235.201.17,20.235.201.23,20.235.201.31,20.235.201.43,20.235.201.57,20.235.201.58,20.235.200.201,20.235.200.213,20.235.200.216,20.235.200.180,20.235.200.222,20.235.200.230,20.235.200.235,20.235.200.236,20.235.200.239,20.235.200.245,20.235.200.246,20.235.200.252,20.235.201.1,20.235.201.3,20.235.201.7,20.235.201.13,20.235.200.99,20.235.201.14,20.235.201.63,20.235.201.68,20.235.201.85,20.235.201.91,20.235.201.93,20.235.201.94,20.192.171.0",
            "public_network_access_enabled": true,
            "resource_group_name": "mera-rg-central-india",
            "service_plan_id": "/subscriptions/65555fd5-5dc0-4bc0-a646-b01ddc552996/resourceGroups/mera-rg-central-india/providers/Microsoft.Web/serverFarms/mera-app-service-plan-central-india",
            "site_config": [
              {
                "always_on": false,
                "api_definition_url": "",
                "api_management_api_id": "",
                "app_command_line": "",
                "application_stack": [
                  {
                    "docker_image_name": "",
                    "docker_registry_password": "",
                    "docker_registry_url": "",
                    "docker_registry_username": "",
                    "dotnet_version": "",
                    "go_version": "",
                    "java_server": "",
                    "java_server_version": "",
                    "java_version": "",
                    "node_version": "",
                    "php_version": "",
                    "python_version": "3.11",
                    "ruby_version": ""
                  }
                ],
                "auto_heal_setting": [],
                "container_registry_managed_identity_client_id": "",
                "container_registry_use_managed_identity": false,
                "cors": [],
                "default_documents": [
                  "Default.htm",
                  "Default.html",
                  "Default.asp",
                  "index.htm",
                  "index.html",
                  "iisstart.htm",
                  "default.aspx",
                  "index.php",
                  "hostingstart.html"
                ],
                "detailed_error_logging_enabled": false,
                "ftps_state": "Disabled",
                "health_check_eviction_time_in_min": 0,
                "health_check_path": "",
                "http2_enabled": false,
                "ip_restriction": [],
                "ip_restriction_default_action": "Allow",
                "linux_fx_version": "PYTHON|3.11",
                "load_balancing_mode": "LeastRequests",
                "local_mysql_enabled": false,
                "managed_pipeline_mode": "Integrated",
                "minimum_tls_version": "1.2",
                "remote_debugging_enabled": false,
                "remote_debugging_version": "VS2022",
                "scm_ip_restriction": [],
                "scm_ip_restriction_default_action": "Allow",
                "scm_minimum_tls_version": "1.2",
                "scm_type": "None",
                "scm_use_main_ip_restriction": false,
                "use_32_bit_worker": true,
                "vnet_route_all_enabled": false,
                "websockets_enabled": false,
                "worker_count": 1
              }
            ],
            "site_credential": [
              {
                "name": "$mera-app-service-central-india",
                "password": "hmqp3MPNAkfCjkoY9xk0tozlLtZxmhEo8M7H2v43ucRSjcjYS0j9dbei8uen"
              }
            ],
            "sticky_settings": [],
            "storage_account": [],
            "tags": {},
            "timeouts": null,
            "virtual_network_subnet_id": "",
            "webdeploy_publish_basic_authentication_enabled": true,
            "zip_deploy_file": ""
          },
          "sensitive_attributes": [
            [
              {
                "type": "get_attr",
                "value": "site_credential"
              }
            ],
            [
              {
                "type": "get_attr",
                "value": "site_config"
              },
              {
                "type": "index",
                "value": {
                  "value": 0,
                  "type": "number"
                }
              },
              {
                "type": "get_attr",
                "value": "application_stack"
              },
              {
                "type": "index",
                "value": {
                  "value": 0,
                  "type": "number"
                }
              },
              {
                "type": "get_attr",
                "value": "docker_registry_password"
              }
            ],
            [
              {
                "type": "get_attr",
                "value": "custom_domain_verification_id"
              }
            ]
          ],
          "private": "eyJlMmJmYjczMC1lY2FhLTExZTYtOGY4OC0zNDM2M2JjN2M0YzAiOnsiY3JlYXRlIjoxODAwMDAwMDAwMDAwLCJkZWxldGUiOjE4MDAwMDAwMDAwMDAsInJlYWQiOjMwMDAwMDAwMDAwMCwidXBkYXRlIjoxODAwMDAwMDAwMDAwfSwic2NoZW1hX3ZlcnNpb24iOiIxIn0=",
          "dependencies": [
            "module.app-service-central-india.azurerm_service_plan.app-service-plan-local",
            "module.resource-group.azurerm_resource_group.rg"
          ]
        }
      ]
    },
    {
      "module": "module.app-service-central-india",
      "mode": "managed",
      "type": "azurerm_service_plan",
      "name": "app-service-plan-local",
      "provider": "provider[\"registry.terraform.io/hashicorp/azurerm\"]",
      "instances": [
        {
          "schema_version": 1,
          "attributes": {
            "app_service_environment_id": "",
            "id": "/subscriptions/65555fd5-5dc0-4bc0-a646-b01ddc552996/resourceGroups/mera-rg-central-india/providers/Microsoft.Web/serverFarms/mera-app-service-plan-central-india",
            "kind": "linux",
            "location": "centralindia",
            "maximum_elastic_worker_count": 1,
            "name": "mera-app-service-plan-central-india",
            "os_type": "Linux",
            "per_site_scaling_enabled": false,
            "reserved": true,
            "resource_group_name": "mera-rg-central-india",
            "sku_name": "B1",
            "tags": {},
            "timeouts": null,
            "worker_count": 1,
            "zone_balancing_enabled": false
          },
          "sensitive_attributes": [],
          "private": "eyJlMmJmYjczMC1lY2FhLTExZTYtOGY4OC0zNDM2M2JjN2M0YzAiOnsiY3JlYXRlIjozNjAwMDAwMDAwMDAwLCJkZWxldGUiOjM2MDAwMDAwMDAwMDAsInJlYWQiOjMwMDAwMDAwMDAwMCwidXBkYXRlIjozNjAwMDAwMDAwMDAwfSwic2NoZW1hX3ZlcnNpb24iOiIxIn0=",
          "dependencies": [
            "module.resource-group.azurerm_resource_group.rg"
          ]
        }
      ]
    },
    {
      "module": "module.app-service-south-india",
      "mode": "managed",
      "type": "azurerm_linux_web_app",
      "name": "app-service-local",
      "provider": "provider[\"registry.terraform.io/hashicorp/azurerm\"]",
      "instances": [
        {
          "schema_version": 1,
          "attributes": {
            "app_settings": {},
            "auth_settings": [],
            "auth_settings_v2": [],
            "backup": [],
            "client_affinity_enabled": false,
            "client_certificate_enabled": false,
            "client_certificate_exclusion_paths": "",
            "client_certificate_mode": "Required",
            "connection_string": [],
            "custom_domain_verification_id": "CC69AE2CF35A71DAA22354C15FED1A8FF43239B0B76516CA97DD2685180AB932",
            "default_hostname": "mera-app-service-south-india.azurewebsites.net",
            "enabled": true,
            "ftp_publish_basic_authentication_enabled": true,
            "hosting_environment_id": "",
            "https_only": false,
            "id": "/subscriptions/65555fd5-5dc0-4bc0-a646-b01ddc552996/resourceGroups/mera-rg-central-india/providers/Microsoft.Web/sites/mera-app-service-south-india",
            "identity": [],
            "key_vault_reference_identity_id": "SystemAssigned",
            "kind": "app,linux",
            "location": "southindia",
            "logs": [],
            "name": "mera-app-service-south-india",
            "outbound_ip_address_list": [
              "52.172.55.168",
              "13.71.112.41",
              "13.71.124.204",
              "13.71.115.16",
              "13.71.122.35"
            ],
            "outbound_ip_addresses": "52.172.55.168,13.71.112.41,13.71.124.204,13.71.115.16,13.71.122.35",
            "possible_outbound_ip_address_list": [
              "52.172.55.168",
              "13.71.112.41",
              "13.71.124.204",
              "13.71.115.16",
              "52.172.37.235",
              "13.71.125.190",
              "52.140.53.30",
              "20.235.58.14",
              "20.235.58.116",
              "20.219.77.14",
              "20.219.73.149",
              "20.219.78.130",
              "104.211.220.195",
              "104.211.215.19",
              "13.71.68.94",
              "104.211.200.31",
              "104.211.202.201",
              "13.71.86.38",
              "13.71.122.35"
            ],
            "possible_outbound_ip_addresses": "52.172.55.168,13.71.112.41,13.71.124.204,13.71.115.16,52.172.37.235,13.71.125.190,52.140.53.30,20.235.58.14,20.235.58.116,20.219.77.14,20.219.73.149,20.219.78.130,104.211.220.195,104.211.215.19,13.71.68.94,104.211.200.31,104.211.202.201,13.71.86.38,13.71.122.35",
            "public_network_access_enabled": true,
            "resource_group_name": "mera-rg-central-india",
            "service_plan_id": "/subscriptions/65555fd5-5dc0-4bc0-a646-b01ddc552996/resourceGroups/mera-rg-central-india/providers/Microsoft.Web/serverFarms/mera-app-service-plan-south-india",
            "site_config": [
              {
                "always_on": false,
                "api_definition_url": "",
                "api_management_api_id": "",
                "app_command_line": "",
                "application_stack": [
                  {
                    "docker_image_name": "",
                    "docker_registry_password": "",
                    "docker_registry_url": "",
                    "docker_registry_username": "",
                    "dotnet_version": "",
                    "go_version": "",
                    "java_server": "",
                    "java_server_version": "",
                    "java_version": "",
                    "node_version": "",
                    "php_version": "",
                    "python_version": "3.11",
                    "ruby_version": ""
                  }
                ],
                "auto_heal_setting": [],
                "container_registry_managed_identity_client_id": "",
                "container_registry_use_managed_identity": false,
                "cors": [],
                "default_documents": [
                  "Default.htm",
                  "Default.html",
                  "Default.asp",
                  "index.htm",
                  "index.html",
                  "iisstart.htm",
                  "default.aspx",
                  "index.php",
                  "hostingstart.html"
                ],
                "detailed_error_logging_enabled": false,
                "ftps_state": "Disabled",
                "health_check_eviction_time_in_min": 0,
                "health_check_path": "",
                "http2_enabled": false,
                "ip_restriction": [],
                "ip_restriction_default_action": "Allow",
                "linux_fx_version": "PYTHON|3.11",
                "load_balancing_mode": "LeastRequests",
                "local_mysql_enabled": false,
                "managed_pipeline_mode": "Integrated",
                "minimum_tls_version": "1.2",
                "remote_debugging_enabled": false,
                "remote_debugging_version": "VS2022",
                "scm_ip_restriction": [],
                "scm_ip_restriction_default_action": "Allow",
                "scm_minimum_tls_version": "1.2",
                "scm_type": "None",
                "scm_use_main_ip_restriction": false,
                "use_32_bit_worker": true,
                "vnet_route_all_enabled": false,
                "websockets_enabled": false,
                "worker_count": 1
              }
            ],
            "site_credential": [
              {
                "name": "$mera-app-service-south-india",
                "password": "DMrBitYfz35XNjmYtCXwGGoLx7WPeKAa31r9Kr6j70KkjG1vBDLNY0n9cRfk"
              }
            ],
            "sticky_settings": [],
            "storage_account": [],
            "tags": {},
            "timeouts": null,
            "virtual_network_subnet_id": "",
            "webdeploy_publish_basic_authentication_enabled": true,
            "zip_deploy_file": ""
          },
          "sensitive_attributes": [
            [
              {
                "type": "get_attr",
                "value": "custom_domain_verification_id"
              }
            ],
            [
              {
                "type": "get_attr",
                "value": "site_config"
              },
              {
                "type": "index",
                "value": {
                  "value": 0,
                  "type": "number"
                }
              },
              {
                "type": "get_attr",
                "value": "application_stack"
              },
              {
                "type": "index",
                "value": {
                  "value": 0,
                  "type": "number"
                }
              },
              {
                "type": "get_attr",
                "value": "docker_registry_password"
              }
            ],
            [
              {
                "type": "get_attr",
                "value": "site_credential"
              }
            ]
          ],
          "private": "eyJlMmJmYjczMC1lY2FhLTExZTYtOGY4OC0zNDM2M2JjN2M0YzAiOnsiY3JlYXRlIjoxODAwMDAwMDAwMDAwLCJkZWxldGUiOjE4MDAwMDAwMDAwMDAsInJlYWQiOjMwMDAwMDAwMDAwMCwidXBkYXRlIjoxODAwMDAwMDAwMDAwfSwic2NoZW1hX3ZlcnNpb24iOiIxIn0=",
          "dependencies": [
            "module.app-service-south-india.azurerm_service_plan.app-service-plan-local",
            "module.resource-group.azurerm_resource_group.rg"
          ]
        }
      ]
    },
    {
      "module": "module.app-service-south-india",
      "mode": "managed",
      "type": "azurerm_service_plan",
      "name": "app-service-plan-local",
      "provider": "provider[\"registry.terraform.io/hashicorp/azurerm\"]",
      "instances": [
        {
          "schema_version": 1,
          "attributes": {
            "app_service_environment_id": "",
            "id": "/subscriptions/65555fd5-5dc0-4bc0-a646-b01ddc552996/resourceGroups/mera-rg-central-india/providers/Microsoft.Web/serverFarms/mera-app-service-plan-south-india",
            "kind": "linux",
            "location": "southindia",
            "maximum_elastic_worker_count": 1,
            "name": "mera-app-service-plan-south-india",
            "os_type": "Linux",
            "per_site_scaling_enabled": false,
            "reserved": true,
            "resource_group_name": "mera-rg-central-india",
            "sku_name": "B1",
            "tags": {},
            "timeouts": null,
            "worker_count": 1,
            "zone_balancing_enabled": false
          },
          "sensitive_attributes": [],
          "private": "eyJlMmJmYjczMC1lY2FhLTExZTYtOGY4OC0zNDM2M2JjN2M0YzAiOnsiY3JlYXRlIjozNjAwMDAwMDAwMDAwLCJkZWxldGUiOjM2MDAwMDAwMDAwMDAsInJlYWQiOjMwMDAwMDAwMDAwMCwidXBkYXRlIjozNjAwMDAwMDAwMDAwfSwic2NoZW1hX3ZlcnNpb24iOiIxIn0=",
          "dependencies": [
            "module.resource-group.azurerm_resource_group.rg"
          ]
        }
      ]
    },
    {
      "module": "module.front-door",
      "mode": "managed",
      "type": "azurerm_cdn_frontdoor_endpoint",
      "name": "afd-endpoint",
      "provider": "provider[\"registry.terraform.io/hashicorp/azurerm\"]",
      "instances": [
        {
          "schema_version": 0,
          "attributes": {
            "cdn_frontdoor_profile_id": "/subscriptions/65555fd5-5dc0-4bc0-a646-b01ddc552996/resourceGroups/mera-rg-central-india/providers/Microsoft.Cdn/profiles/mera-front-door",
            "enabled": true,
            "host_name": "mera-app-a9b7d8chd8ashsdf.z01.azurefd.net",
            "id": "/subscriptions/65555fd5-5dc0-4bc0-a646-b01ddc552996/resourceGroups/mera-rg-central-india/providers/Microsoft.Cdn/profiles/mera-front-door/afdEndpoints/mera-app",
            "name": "mera-app",
            "tags": {},
            "timeouts": null
          },
          "sensitive_attributes": [],
          "private": "eyJlMmJmYjczMC1lY2FhLTExZTYtOGY4OC0zNDM2M2JjN2M0YzAiOnsiY3JlYXRlIjoxODAwMDAwMDAwMDAwLCJkZWxldGUiOjE4MDAwMDAwMDAwMDAsInJlYWQiOjMwMDAwMDAwMDAwMCwidXBkYXRlIjoxODAwMDAwMDAwMDAwfX0=",
          "dependencies": [
            "module.front-door.azurerm_cdn_frontdoor_profile.afd",
            "module.resource-group.azurerm_resource_group.rg"
          ]
        }
      ]
    },
    {
      "module": "module.front-door",
      "mode": "managed",
      "type": "azurerm_cdn_frontdoor_origin",
      "name": "primary-origin",
      "provider": "provider[\"registry.terraform.io/hashicorp/azurerm\"]",
      "instances": [
        {
          "schema_version": 0,
          "attributes": {
            "cdn_frontdoor_origin_group_id": "/subscriptions/65555fd5-5dc0-4bc0-a646-b01ddc552996/resourceGroups/mera-rg-central-india/providers/Microsoft.Cdn/profiles/mera-front-door/originGroups/backend-pool",
            "certificate_name_check_enabled": false,
            "enabled": true,
            "host_name": "mera-app-service-central-india.azurewebsites.net",
            "http_port": 80,
            "https_port": 443,
            "id": "/subscriptions/65555fd5-5dc0-4bc0-a646-b01ddc552996/resourceGroups/mera-rg-central-india/providers/Microsoft.Cdn/profiles/mera-front-door/originGroups/backend-pool/origins/central-india-app-service",
            "name": "central-india-app-service",
            "origin_host_header": "mera-app-service-central-india.azurewebsites.net",
            "priority": 1,
            "private_link": [],
            "timeouts": null,
            "weight": 1000
          },
          "sensitive_attributes": [],
          "private": "eyJlMmJmYjczMC1lY2FhLTExZTYtOGY4OC0zNDM2M2JjN2M0YzAiOnsiY3JlYXRlIjoxODAwMDAwMDAwMDAwLCJkZWxldGUiOjE4MDAwMDAwMDAwMDAsInJlYWQiOjMwMDAwMDAwMDAwMCwidXBkYXRlIjoxODAwMDAwMDAwMDAwfX0=",
          "dependencies": [
            "module.app-service-central-india.azurerm_linux_web_app.app-service-local",
            "module.app-service-central-india.azurerm_service_plan.app-service-plan-local",
            "module.front-door.azurerm_cdn_frontdoor_origin_group.afd-origin-group",
            "module.front-door.azurerm_cdn_frontdoor_profile.afd",
            "module.resource-group.azurerm_resource_group.rg"
          ]
        }
      ]
    },
    {
      "module": "module.front-door",
      "mode": "managed",
      "type": "azurerm_cdn_frontdoor_origin",
      "name": "secondary-origin",
      "provider": "provider[\"registry.terraform.io/hashicorp/azurerm\"]",
      "instances": [
        {
          "schema_version": 0,
          "attributes": {
            "cdn_frontdoor_origin_group_id": "/subscriptions/65555fd5-5dc0-4bc0-a646-b01ddc552996/resourceGroups/mera-rg-central-india/providers/Microsoft.Cdn/profiles/mera-front-door/originGroups/backend-pool",
            "certificate_name_check_enabled": false,
            "enabled": true,
            "host_name": "mera-app-service-south-india.azurewebsites.net",
            "http_port": 80,
            "https_port": 443,
            "id": "/subscriptions/65555fd5-5dc0-4bc0-a646-b01ddc552996/resourceGroups/mera-rg-central-india/providers/Microsoft.Cdn/profiles/mera-front-door/originGroups/backend-pool/origins/south-india-app-service",
            "name": "south-india-app-service",
            "origin_host_header": "mera-app-service-south-india.azurewebsites.net",
            "priority": 2,
            "private_link": [],
            "timeouts": null,
            "weight": 1000
          },
          "sensitive_attributes": [],
          "private": "eyJlMmJmYjczMC1lY2FhLTExZTYtOGY4OC0zNDM2M2JjN2M0YzAiOnsiY3JlYXRlIjoxODAwMDAwMDAwMDAwLCJkZWxldGUiOjE4MDAwMDAwMDAwMDAsInJlYWQiOjMwMDAwMDAwMDAwMCwidXBkYXRlIjoxODAwMDAwMDAwMDAwfX0=",
          "dependencies": [
            "module.app-service-south-india.azurerm_linux_web_app.app-service-local",
            "module.app-service-south-india.azurerm_service_plan.app-service-plan-local",
            "module.front-door.azurerm_cdn_frontdoor_origin_group.afd-origin-group",
            "module.front-door.azurerm_cdn_frontdoor_profile.afd",
            "module.resource-group.azurerm_resource_group.rg"
          ]
        }
      ]
    },
    {
      "module": "module.front-door",
      "mode": "managed",
      "type": "azurerm_cdn_frontdoor_origin_group",
      "name": "afd-origin-group",
      "provider": "provider[\"registry.terraform.io/hashicorp/azurerm\"]",
      "instances": [
        {
          "schema_version": 0,
          "attributes": {
            "cdn_frontdoor_profile_id": "/subscriptions/65555fd5-5dc0-4bc0-a646-b01ddc552996/resourceGroups/mera-rg-central-india/providers/Microsoft.Cdn/profiles/mera-front-door",
            "health_probe": [
              {
                "interval_in_seconds": 30,
                "path": "/health",
                "protocol": "Https",
                "request_type": "GET"
              }
            ],
            "id": "/subscriptions/65555fd5-5dc0-4bc0-a646-b01ddc552996/resourceGroups/mera-rg-central-india/providers/Microsoft.Cdn/profiles/mera-front-door/originGroups/backend-pool",
            "load_balancing": [
              {
                "additional_latency_in_milliseconds": 50,
                "sample_size": 4,
                "successful_samples_required": 3
              }
            ],
            "name": "backend-pool",
            "restore_traffic_time_to_healed_or_new_endpoint_in_minutes": 10,
            "session_affinity_enabled": true,
            "timeouts": null
          },
          "sensitive_attributes": [],
          "private": "eyJlMmJmYjczMC1lY2FhLTExZTYtOGY4OC0zNDM2M2JjN2M0YzAiOnsiY3JlYXRlIjoxODAwMDAwMDAwMDAwLCJkZWxldGUiOjE4MDAwMDAwMDAwMDAsInJlYWQiOjMwMDAwMDAwMDAwMCwidXBkYXRlIjoxODAwMDAwMDAwMDAwfX0=",
          "dependencies": [
            "module.front-door.azurerm_cdn_frontdoor_profile.afd",
            "module.resource-group.azurerm_resource_group.rg"
          ]
        }
      ]
    },
    {
      "module": "module.front-door",
      "mode": "managed",
      "type": "azurerm_cdn_frontdoor_profile",
      "name": "afd",
      "provider": "provider[\"registry.terraform.io/hashicorp/azurerm\"]",
      "instances": [
        {
          "schema_version": 0,
          "attributes": {
            "id": "/subscriptions/65555fd5-5dc0-4bc0-a646-b01ddc552996/resourceGroups/mera-rg-central-india/providers/Microsoft.Cdn/profiles/mera-front-door",
            "name": "mera-front-door",
            "resource_group_name": "mera-rg-central-india",
            "resource_guid": "b0ad8f67-43eb-48fb-9c52-b13f78d80d06",
            "response_timeout_seconds": 120,
            "sku_name": "Standard_AzureFrontDoor",
            "tags": {},
            "timeouts": null
          },
          "sensitive_attributes": [],
          "private": "eyJlMmJmYjczMC1lY2FhLTExZTYtOGY4OC0zNDM2M2JjN2M0YzAiOnsiY3JlYXRlIjoxODAwMDAwMDAwMDAwLCJkZWxldGUiOjE4MDAwMDAwMDAwMDAsInJlYWQiOjMwMDAwMDAwMDAwMCwidXBkYXRlIjoxODAwMDAwMDAwMDAwfX0=",
          "dependencies": [
            "module.resource-group.azurerm_resource_group.rg"
          ]
        }
      ]
    },
    {
      "module": "module.front-door",
      "mode": "managed",
      "type": "azurerm_cdn_frontdoor_route",
      "name": "route",
      "provider": "provider[\"registry.terraform.io/hashicorp/azurerm\"]",
      "instances": [
        {
          "schema_version": 0,
          "attributes": {
            "cache": [],
            "cdn_frontdoor_custom_domain_ids": null,
            "cdn_frontdoor_endpoint_id": "/subscriptions/65555fd5-5dc0-4bc0-a646-b01ddc552996/resourceGroups/mera-rg-central-india/providers/Microsoft.Cdn/profiles/mera-front-door/afdEndpoints/mera-app",
            "cdn_frontdoor_origin_group_id": "/subscriptions/65555fd5-5dc0-4bc0-a646-b01ddc552996/resourceGroups/mera-rg-central-india/providers/Microsoft.Cdn/profiles/mera-front-door/originGroups/backend-pool",
            "cdn_frontdoor_origin_ids": [
              "/subscriptions/65555fd5-5dc0-4bc0-a646-b01ddc552996/resourceGroups/mera-rg-central-india/providers/Microsoft.Cdn/profiles/mera-front-door/originGroups/backend-pool/origins/central-india-app-service",
              "/subscriptions/65555fd5-5dc0-4bc0-a646-b01ddc552996/resourceGroups/mera-rg-central-india/providers/Microsoft.Cdn/profiles/mera-front-door/originGroups/backend-pool/origins/south-india-app-service"
            ],
            "cdn_frontdoor_origin_path": "",
            "cdn_frontdoor_rule_set_ids": null,
            "enabled": true,
            "forwarding_protocol": "HttpsOnly",
            "https_redirect_enabled": true,
            "id": "/subscriptions/65555fd5-5dc0-4bc0-a646-b01ddc552996/resourceGroups/mera-rg-central-india/providers/Microsoft.Cdn/profiles/mera-front-door/afdEndpoints/mera-app/routes/route-all-traffic",
            "link_to_default_domain": true,
            "name": "route-all-traffic",
            "patterns_to_match": [
              "/*"
            ],
            "supported_protocols": [
              "Http",
              "Https"
            ],
            "timeouts": null
          },
          "sensitive_attributes": [],
          "private": "eyJlMmJmYjczMC1lY2FhLTExZTYtOGY4OC0zNDM2M2JjN2M0YzAiOnsiY3JlYXRlIjoxODAwMDAwMDAwMDAwLCJkZWxldGUiOjE4MDAwMDAwMDAwMDAsInJlYWQiOjMwMDAwMDAwMDAwMCwidXBkYXRlIjoxODAwMDAwMDAwMDAwfX0=",
          "dependencies": [
            "module.app-service-central-india.azurerm_linux_web_app.app-service-local",
            "module.app-service-central-india.azurerm_service_plan.app-service-plan-local",
            "module.app-service-south-india.azurerm_linux_web_app.app-service-local",
            "module.app-service-south-india.azurerm_service_plan.app-service-plan-local",
            "module.front-door.azurerm_cdn_frontdoor_endpoint.afd-endpoint",
            "module.front-door.azurerm_cdn_frontdoor_origin.primary-origin",
            "module.front-door.azurerm_cdn_frontdoor_origin.secondary-origin",
            "module.front-door.azurerm_cdn_frontdoor_origin_group.afd-origin-group",
            "module.front-door.azurerm_cdn_frontdoor_profile.afd",
            "module.resource-group.azurerm_resource_group.rg"
          ]
        }
      ]
    },
    {
      "module": "module.resource-group",
      "mode": "managed",
      "type": "azurerm_resource_group",
      "name": "rg",
      "provider": "provider[\"registry.terraform.io/hashicorp/azurerm\"]",
      "instances": [
        {
          "schema_version": 0,
          "attributes": {
            "id": "/subscriptions/65555fd5-5dc0-4bc0-a646-b01ddc552996/resourceGroups/mera-rg-central-india",
            "location": "centralindia",
            "managed_by": "",
            "name": "mera-rg-central-india",
            "tags": {},
            "timeouts": null
          },
          "sensitive_attributes": [],
          "private": "eyJlMmJmYjczMC1lY2FhLTExZTYtOGY4OC0zNDM2M2JjN2M0YzAiOnsiY3JlYXRlIjo1NDAwMDAwMDAwMDAwLCJkZWxldGUiOjU0MDAwMDAwMDAwMDAsInJlYWQiOjMwMDAwMDAwMDAwMCwidXBkYXRlIjo1NDAwMDAwMDAwMDAwfX0="
        }
      ]
    }
  ],
  "check_results": null
}
